
Microsoft Visual Studio Solution File, Format Version 12.00
# Visual Studio Version 17
VisualStudioVersion = 17.0.31903.59
MinimumVisualStudioVersion = 10.0.40219.1
Project("{FAE04EC0-301F-11D3-BF4B-00C04F79EFBC}") = "OnTapApp.API", "OntapApp.API\OnTapApp.API.csproj", "{AE838F4C-9B1F-49EF-AE05-6E4745DE5ACF}"
EndProject
Project("{2150E333-8FDC-42A3-9474-1A3956D46DE8}") = "Frontend", "Frontend", "{AEB1C4AA-33AF-444A-A1A8-10839FAEAF2B}"
EndProject
Project("{2150E333-8FDC-42A3-9474-1A3956D46DE8}") = "Backend", "Backend", "{A4D5D11D-AC3D-4998-8ECA-8D8994E3B122}"
EndProject
Project("{FAE04EC0-301F-11D3-BF4B-00C04F79EFBC}") = "OnTapApp.Web", "OnTapApp.Web\OnTapApp.Web\OnTapApp.Web.csproj", "{B158796D-755A-4052-890C-5766F82065FD}"
EndProject
Project("{FAE04EC0-301F-11D3-BF4B-00C04F79EFBC}") = "OnTapApp.Web.Client", "OnTapApp.Web\OnTapApp.Web.Client\OnTapApp.Web.Client.csproj", "{804D8DF1-6E14-41D7-97D4-50CBDFA149EE}"
EndProject
Global
	GlobalSection(SolutionConfigurationPlatforms) = preSolution
		Debug|Any CPU = Debug|Any CPU
		Debug|x64 = Debug|x64
		Debug|x86 = Debug|x86
		Release|Any CPU = Release|Any CPU
		Release|x64 = Release|x64
		Release|x86 = Release|x86
	EndGlobalSection
	GlobalSection(ProjectConfigurationPlatforms) = postSolution
		{AE838F4C-9B1F-49EF-AE05-6E4745DE5ACF}.Debug|Any CPU.ActiveCfg = Debug|Any CPU
		{AE838F4C-9B1F-49EF-AE05-6E4745DE5ACF}.Debug|Any CPU.Build.0 = Debug|Any CPU
		{AE838F4C-9B1F-49EF-AE05-6E4745DE5ACF}.Debug|x64.ActiveCfg = Debug|Any CPU
		{AE838F4C-9B1F-49EF-AE05-6E4745DE5ACF}.Debug|x64.Build.0 = Debug|Any CPU
		{AE838F4C-9B1F-49EF-AE05-6E4745DE5ACF}.Debug|x86.ActiveCfg = Debug|Any CPU
		{AE838F4C-9B1F-49EF-AE05-6E4745DE5ACF}.Debug|x86.Build.0 = Debug|Any CPU
		{AE838F4C-9B1F-49EF-AE05-6E4745DE5ACF}.Release|Any CPU.ActiveCfg = Release|Any CPU
		{AE838F4C-9B1F-49EF-AE05-6E4745DE5ACF}.Release|Any CPU.Build.0 = Release|Any CPU
		{AE838F4C-9B1F-49EF-AE05-6E4745DE5ACF}.Release|x64.ActiveCfg = Release|Any CPU
		{AE838F4C-9B1F-49EF-AE05-6E4745DE5ACF}.Release|x64.Build.0 = Release|Any CPU
		{AE838F4C-9B1F-49EF-AE05-6E4745DE5ACF}.Release|x86.ActiveCfg = Release|Any CPU
		{AE838F4C-9B1F-49EF-AE05-6E4745DE5ACF}.Release|x86.Build.0 = Release|Any CPU
		{B158796D-755A-4052-890C-5766F82065FD}.Debug|Any CPU.ActiveCfg = Debug|Any CPU
		{B158796D-755A-4052-890C-5766F82065FD}.Debug|Any CPU.Build.0 = Debug|Any CPU
		{B158796D-755A-4052-890C-5766F82065FD}.Debug|x64.ActiveCfg = Debug|Any CPU
		{B158796D-755A-4052-890C-5766F82065FD}.Debug|x64.Build.0 = Debug|Any CPU
		{B158796D-755A-4052-890C-5766F82065FD}.Debug|x86.ActiveCfg = Debug|Any CPU
		{B158796D-755A-4052-890C-5766F82065FD}.Debug|x86.Build.0 = Debug|Any CPU
		{B158796D-755A-4052-890C-5766F82065FD}.Release|Any CPU.ActiveCfg = Release|Any CPU
		{B158796D-755A-4052-890C-5766F82065FD}.Release|Any CPU.Build.0 = Release|Any CPU
		{B158796D-755A-4052-890C-5766F82065FD}.Release|x64.ActiveCfg = Release|Any CPU
		{B158796D-755A-4052-890C-5766F82065FD}.Release|x64.Build.0 = Release|Any CPU
		{B158796D-755A-4052-890C-5766F82065FD}.Release|x86.ActiveCfg = Release|Any CPU
		{B158796D-755A-4052-890C-5766F82065FD}.Release|x86.Build.0 = Release|Any CPU
		{804D8DF1-6E14-41D7-97D4-50CBDFA149EE}.Debug|Any CPU.ActiveCfg = Debug|Any CPU
		{804D8DF1-6E14-41D7-97D4-50CBDFA149EE}.Debug|Any CPU.Build.0 = Debug|Any CPU
		{804D8DF1-6E14-41D7-97D4-50CBDFA149EE}.Debug|x64.ActiveCfg = Debug|Any CPU
		{804D8DF1-6E14-41D7-97D4-50CBDFA149EE}.Debug|x64.Build.0 = Debug|Any CPU
		{804D8DF1-6E14-41D7-97D4-50CBDFA149EE}.Debug|x86.ActiveCfg = Debug|Any CPU
		{804D8DF1-6E14-41D7-97D4-50CBDFA149EE}.Debug|x86.Build.0 = Debug|Any CPU
		{804D8DF1-6E14-41D7-97D4-50CBDFA149EE}.Release|Any CPU.ActiveCfg = Release|Any CPU
		{804D8DF1-6E14-41D7-97D4-50CBDFA149EE}.Release|Any CPU.Build.0 = Release|Any CPU
		{804D8DF1-6E14-41D7-97D4-50CBDFA149EE}.Release|x64.ActiveCfg = Release|Any CPU
		{804D8DF1-6E14-41D7-97D4-50CBDFA149EE}.Release|x64.Build.0 = Release|Any CPU
		{804D8DF1-6E14-41D7-97D4-50CBDFA149EE}.Release|x86.ActiveCfg = Release|Any CPU
		{804D8DF1-6E14-41D7-97D4-50CBDFA149EE}.Release|x86.Build.0 = Release|Any CPU
	EndGlobalSection
	GlobalSection(SolutionProperties) = preSolution
		HideSolutionNode = FALSE
	EndGlobalSection
	GlobalSection(NestedProjects) = preSolution
		{AE838F4C-9B1F-49EF-AE05-6E4745DE5ACF} = {A4D5D11D-AC3D-4998-8ECA-8D8994E3B122}
		{B158796D-755A-4052-890C-5766F82065FD} = {AEB1C4AA-33AF-444A-A1A8-10839FAEAF2B}
		{804D8DF1-6E14-41D7-97D4-50CBDFA149EE} = {AEB1C4AA-33AF-444A-A1A8-10839FAEAF2B}
	EndGlobalSection
EndGlobal
