
Microsoft Visual Studio Solution File, Format Version 12.00
# Visual Studio Version 17
VisualStudioVersion = 17.0.31903.59
MinimumVisualStudioVersion = 10.0.40219.1
Project("{FAE04EC0-301F-11D3-BF4B-00C04F79EFBC}") = "OnTapApp.API", "OntapApp.API\OnTapApp.API.csproj", "{AE838F4C-9B1F-49EF-AE05-6E4745DE5ACF}"
EndProject
Project("{2150E333-8FDC-42A3-9474-1A3956D46DE8}") = "Frontend", "Frontend", "{AEB1C4AA-33AF-444A-A1A8-10839FAEAF2B}"
EndProject
Project("{2150E333-8FDC-42A3-9474-1A3956D46DE8}") = "Backend", "Backend", "{A4D5D11D-AC3D-4998-8ECA-8D8994E3B122}"
EndProject
Project("{2150E333-8FDC-42A3-9474-1A3956D46DE8}") = "Common", "Common", "{5FF68F47-F52D-48D5-8164-755F2A393895}"
EndProject
Project("{FAE04EC0-301F-11D3-BF4B-00C04F79EFBC}") = "OnTapApp.Core", "OnTapApp.Core\OnTapApp.Core.csproj", "{5E91D1EE-F72E-4918-845F-36D059551644}"
EndProject
Project("{FAE04EC0-301F-11D3-BF4B-00C04F79EFBC}") = "OnTapApp.Web", "OnTapApp.Web\OnTapApp.Web.csproj", "{58FD591E-C174-47F2-9879-AB930FD3DD22}"
EndProject
Project("{FAE04EC0-301F-11D3-BF4B-00C04F79EFBC}") = "OnTapApp.Web.Client", "OnTapApp.Web.Client\OnTapApp.Web.Client.csproj", "{F615ADD2-2234-4C2D-A706-FB5E9C465AFB}"
EndProject
Global
	GlobalSection(SolutionConfigurationPlatforms) = preSolution
		Debug|Any CPU = Debug|Any CPU
		Debug|x64 = Debug|x64
		Debug|x86 = Debug|x86
		Release|Any CPU = Release|Any CPU
		Release|x64 = Release|x64
		Release|x86 = Release|x86
	EndGlobalSection
	GlobalSection(ProjectConfigurationPlatforms) = postSolution
		{AE838F4C-9B1F-49EF-AE05-6E4745DE5ACF}.Debug|Any CPU.ActiveCfg = Debug|Any CPU
		{AE838F4C-9B1F-49EF-AE05-6E4745DE5ACF}.Debug|Any CPU.Build.0 = Debug|Any CPU
		{AE838F4C-9B1F-49EF-AE05-6E4745DE5ACF}.Debug|x64.ActiveCfg = Debug|Any CPU
		{AE838F4C-9B1F-49EF-AE05-6E4745DE5ACF}.Debug|x64.Build.0 = Debug|Any CPU
		{AE838F4C-9B1F-49EF-AE05-6E4745DE5ACF}.Debug|x86.ActiveCfg = Debug|Any CPU
		{AE838F4C-9B1F-49EF-AE05-6E4745DE5ACF}.Debug|x86.Build.0 = Debug|Any CPU
		{AE838F4C-9B1F-49EF-AE05-6E4745DE5ACF}.Release|Any CPU.ActiveCfg = Release|Any CPU
		{AE838F4C-9B1F-49EF-AE05-6E4745DE5ACF}.Release|Any CPU.Build.0 = Release|Any CPU
		{AE838F4C-9B1F-49EF-AE05-6E4745DE5ACF}.Release|x64.ActiveCfg = Release|Any CPU
		{AE838F4C-9B1F-49EF-AE05-6E4745DE5ACF}.Release|x64.Build.0 = Release|Any CPU
		{AE838F4C-9B1F-49EF-AE05-6E4745DE5ACF}.Release|x86.ActiveCfg = Release|Any CPU
		{AE838F4C-9B1F-49EF-AE05-6E4745DE5ACF}.Release|x86.Build.0 = Release|Any CPU
		{5E91D1EE-F72E-4918-845F-36D059551644}.Debug|Any CPU.ActiveCfg = Debug|Any CPU
		{5E91D1EE-F72E-4918-845F-36D059551644}.Debug|Any CPU.Build.0 = Debug|Any CPU
		{5E91D1EE-F72E-4918-845F-36D059551644}.Debug|x64.ActiveCfg = Debug|Any CPU
		{5E91D1EE-F72E-4918-845F-36D059551644}.Debug|x64.Build.0 = Debug|Any CPU
		{5E91D1EE-F72E-4918-845F-36D059551644}.Debug|x86.ActiveCfg = Debug|Any CPU
		{5E91D1EE-F72E-4918-845F-36D059551644}.Debug|x86.Build.0 = Debug|Any CPU
		{5E91D1EE-F72E-4918-845F-36D059551644}.Release|Any CPU.ActiveCfg = Release|Any CPU
		{5E91D1EE-F72E-4918-845F-36D059551644}.Release|Any CPU.Build.0 = Release|Any CPU
		{5E91D1EE-F72E-4918-845F-36D059551644}.Release|x64.ActiveCfg = Release|Any CPU
		{5E91D1EE-F72E-4918-845F-36D059551644}.Release|x64.Build.0 = Release|Any CPU
		{5E91D1EE-F72E-4918-845F-36D059551644}.Release|x86.ActiveCfg = Release|Any CPU
		{5E91D1EE-F72E-4918-845F-36D059551644}.Release|x86.Build.0 = Release|Any CPU
		{58FD591E-C174-47F2-9879-AB930FD3DD22}.Debug|Any CPU.ActiveCfg = Debug|Any CPU
		{58FD591E-C174-47F2-9879-AB930FD3DD22}.Debug|Any CPU.Build.0 = Debug|Any CPU
		{58FD591E-C174-47F2-9879-AB930FD3DD22}.Debug|x64.ActiveCfg = Debug|Any CPU
		{58FD591E-C174-47F2-9879-AB930FD3DD22}.Debug|x64.Build.0 = Debug|Any CPU
		{58FD591E-C174-47F2-9879-AB930FD3DD22}.Debug|x86.ActiveCfg = Debug|Any CPU
		{58FD591E-C174-47F2-9879-AB930FD3DD22}.Debug|x86.Build.0 = Debug|Any CPU
		{58FD591E-C174-47F2-9879-AB930FD3DD22}.Release|Any CPU.ActiveCfg = Release|Any CPU
		{58FD591E-C174-47F2-9879-AB930FD3DD22}.Release|Any CPU.Build.0 = Release|Any CPU
		{58FD591E-C174-47F2-9879-AB930FD3DD22}.Release|x64.ActiveCfg = Release|Any CPU
		{58FD591E-C174-47F2-9879-AB930FD3DD22}.Release|x64.Build.0 = Release|Any CPU
		{58FD591E-C174-47F2-9879-AB930FD3DD22}.Release|x86.ActiveCfg = Release|Any CPU
		{58FD591E-C174-47F2-9879-AB930FD3DD22}.Release|x86.Build.0 = Release|Any CPU
		{F615ADD2-2234-4C2D-A706-FB5E9C465AFB}.Debug|Any CPU.ActiveCfg = Debug|Any CPU
		{F615ADD2-2234-4C2D-A706-FB5E9C465AFB}.Debug|Any CPU.Build.0 = Debug|Any CPU
		{F615ADD2-2234-4C2D-A706-FB5E9C465AFB}.Debug|x64.ActiveCfg = Debug|Any CPU
		{F615ADD2-2234-4C2D-A706-FB5E9C465AFB}.Debug|x64.Build.0 = Debug|Any CPU
		{F615ADD2-2234-4C2D-A706-FB5E9C465AFB}.Debug|x86.ActiveCfg = Debug|Any CPU
		{F615ADD2-2234-4C2D-A706-FB5E9C465AFB}.Debug|x86.Build.0 = Debug|Any CPU
		{F615ADD2-2234-4C2D-A706-FB5E9C465AFB}.Release|Any CPU.ActiveCfg = Release|Any CPU
		{F615ADD2-2234-4C2D-A706-FB5E9C465AFB}.Release|Any CPU.Build.0 = Release|Any CPU
		{F615ADD2-2234-4C2D-A706-FB5E9C465AFB}.Release|x64.ActiveCfg = Release|Any CPU
		{F615ADD2-2234-4C2D-A706-FB5E9C465AFB}.Release|x64.Build.0 = Release|Any CPU
		{F615ADD2-2234-4C2D-A706-FB5E9C465AFB}.Release|x86.ActiveCfg = Release|Any CPU
		{F615ADD2-2234-4C2D-A706-FB5E9C465AFB}.Release|x86.Build.0 = Release|Any CPU
	EndGlobalSection
	GlobalSection(SolutionProperties) = preSolution
		HideSolutionNode = FALSE
	EndGlobalSection
	GlobalSection(NestedProjects) = preSolution
		{AE838F4C-9B1F-49EF-AE05-6E4745DE5ACF} = {A4D5D11D-AC3D-4998-8ECA-8D8994E3B122}
		{5E91D1EE-F72E-4918-845F-36D059551644} = {5FF68F47-F52D-48D5-8164-755F2A393895}
		{58FD591E-C174-47F2-9879-AB930FD3DD22} = {AEB1C4AA-33AF-444A-A1A8-10839FAEAF2B}
		{F615ADD2-2234-4C2D-A706-FB5E9C465AFB} = {AEB1C4AA-33AF-444A-A1A8-10839FAEAF2B}
	EndGlobalSection
	GlobalSection(ExtensibilityGlobals) = postSolution
		SolutionGuid = {C4AECF92-F4A7-47DB-9833-121301D14D2F}
	EndGlobalSection
EndGlobal
